
Microsoft Visual Studio Solution File, Format Version 10.00
# Visual Studio 2008
Project("{FAE04EC0-301F-11D3-BF4B-00C04F79EFBC}") = "Microsoft.Windows.Installer.PowerShell", "Microsoft.Windows.Installer.PowerShell.csproj", "{EAE7D4BF-5061-4220-BE94-E268E965DCE5}"
EndProject
Project("{930C7802-8A8C-48F9-8165-68863BCCD9DD}") = "psmsi", "Setup\psmsi.wixproj", "{F9DA7492-B466-43D6-843C-40EBFAA89F34}"
EndProject
Global
	GlobalSection(TeamFoundationVersionControl) = preSolution
		SccNumberOfProjects = 1
		SccEnterpriseProvider = {4CA58AB2-18FA-4F8D-95D4-32DDF27D184C}
		SccTeamFoundationServer = https://tfs02.codeplex.com/
		SccProjectUniqueName0 = Microsoft.Windows.Installer.PowerShell.csproj
		SccProjectName0 = .
		SccAuxPath0 = https://tfs02.codeplex.com
		SccLocalPath0 = .
		SccProvider0 = {4CA58AB2-18FA-4F8D-95D4-32DDF27D184C}
	EndGlobalSection
	GlobalSection(SolutionConfigurationPlatforms) = preSolution
		Debug|Any CPU = Debug|Any CPU
		Release|Any CPU = Release|Any CPU
	EndGlobalSection
	GlobalSection(ProjectConfigurationPlatforms) = postSolution
		{EAE7D4BF-5061-4220-BE94-E268E965DCE5}.Debug|Any CPU.ActiveCfg = Debug|Any CPU
		{EAE7D4BF-5061-4220-BE94-E268E965DCE5}.Debug|Any CPU.Build.0 = Debug|Any CPU
		{EAE7D4BF-5061-4220-BE94-E268E965DCE5}.Release|Any CPU.ActiveCfg = Release|Any CPU
		{EAE7D4BF-5061-4220-BE94-E268E965DCE5}.Release|Any CPU.Build.0 = Release|Any CPU
		{F9DA7492-B466-43D6-843C-40EBFAA89F34}.Debug|Any CPU.ActiveCfg = Debug|Any CPU
		{F9DA7492-B466-43D6-843C-40EBFAA89F34}.Release|Any CPU.ActiveCfg = Release|Any CPU
		{F9DA7492-B466-43D6-843C-40EBFAA89F34}.Release|Any CPU.Build.0 = Release|Any CPU
	EndGlobalSection
	GlobalSection(SolutionProperties) = preSolution
		HideSolutionNode = FALSE
	EndGlobalSection
EndGlobal
